# This is a Gradle generated file for dependency locking.
# Manual edits can break the build and are not advised.
# This file is expected to be part of source control.
biz.aQute.bnd:biz.aQute.bnd.annotation:7.1.0=compileClasspath,testCompileClasspath
ch.qos.logback:logback-classic:1.3.14=ktlint
ch.qos.logback:logback-classic:1.5.32=compileClasspath,runtimeClasspath,testCompileClasspath,testRuntimeClasspath
ch.qos.logback:logback-core:1.3.14=ktlint
ch.qos.logback:logback-core:1.5.32=compileClasspath,runtimeClasspath,testCompileClasspath,testRuntimeClasspath
com.github.ajalt.clikt:clikt-jvm:5.0.2=ktlint
com.github.ajalt.clikt:clikt:5.0.2=ktlint
com.google.errorprone:error_prone_annotations:2.38.0=compileClasspath,testCompileClasspath
com.pinterest.ktlint:ktlint-cli-reporter-baseline:1.5.0=ktlint,ktlintBaselineReporter
com.pinterest.ktlint:ktlint-cli-reporter-checkstyle:1.5.0=ktlint
com.pinterest.ktlint:ktlint-cli-reporter-core:1.5.0=ktlint,ktlintBaselineReporter
com.pinterest.ktlint:ktlint-cli-reporter-format:1.5.0=ktlint
com.pinterest.ktlint:ktlint-cli-reporter-html:1.5.0=ktlint
com.pinterest.ktlint:ktlint-cli-reporter-json:1.5.0=ktlint
com.pinterest.ktlint:ktlint-cli-reporter-plain-summary:1.5.0=ktlint
com.pinterest.ktlint:ktlint-cli-reporter-plain:1.5.0=ktlint
com.pinterest.ktlint:ktlint-cli-reporter-sarif:1.5.0=ktlint
com.pinterest.ktlint:ktlint-cli-ruleset-core:1.5.0=ktlint,ktlintRuleset
com.pinterest.ktlint:ktlint-cli:1.5.0=ktlint
com.pinterest.ktlint:ktlint-logger:1.5.0=ktlint,ktlintBaselineReporter,ktlintRuleset
com.pinterest.ktlint:ktlint-rule-engine-core:1.5.0=ktlint,ktlintBaselineReporter,ktlintRuleset
com.pinterest.ktlint:ktlint-rule-engine:1.5.0=ktlint
com.pinterest.ktlint:ktlint-ruleset-standard:1.5.0=ktlint,ktlintRuleset
com.squareup.okhttp3:okhttp-jvm:5.3.2=runtimeClasspath,testRuntimeClasspath
com.squareup.okhttp3:okhttp:5.3.2=runtimeClasspath,testRuntimeClasspath
com.squareup.okio:okio-jvm:3.16.4=runtimeClasspath,testRuntimeClasspath
com.squareup.okio:okio:3.16.4=runtimeClasspath,testRuntimeClasspath
com.willowtreeapps.assertk:assertk-jvm:0.28.1=testCompileClasspath,testRuntimeClasspath
com.willowtreeapps.assertk:assertk:0.28.1=testCompileClasspath,testRuntimeClasspath
com.willowtreeapps.opentest4k:opentest4k-jvm:1.3.0=testRuntimeClasspath
com.willowtreeapps.opentest4k:opentest4k:1.3.0=testRuntimeClasspath
commons-logging:commons-logging:1.3.5=compileClasspath,runtimeClasspath,testCompileClasspath,testRuntimeClasspath
dev.detekt:detekt-api:2.0.0-alpha.3=detekt
dev.detekt:detekt-cli:2.0.0-alpha.3=detekt
dev.detekt:detekt-core:2.0.0-alpha.3=detekt
dev.detekt:detekt-kotlin-analysis-api-standalone:2.0.0-alpha.3=detekt
dev.detekt:detekt-kotlin-analysis-api:2.0.0-alpha.3=detekt
dev.detekt:detekt-metrics:2.0.0-alpha.3=detekt
dev.detekt:detekt-parser:2.0.0-alpha.3=detekt
dev.detekt:detekt-psi-utils:2.0.0-alpha.3=detekt
dev.detekt:detekt-report-checkstyle:2.0.0-alpha.3=detekt
dev.detekt:detekt-report-html:2.0.0-alpha.3=detekt
dev.detekt:detekt-report-markdown:2.0.0-alpha.3=detekt
dev.detekt:detekt-report-sarif:2.0.0-alpha.3=detekt
dev.detekt:detekt-rules-comments:2.0.0-alpha.3=detekt
dev.detekt:detekt-rules-complexity:2.0.0-alpha.3=detekt
dev.detekt:detekt-rules-coroutines:2.0.0-alpha.3=detekt
dev.detekt:detekt-rules-empty-blocks:2.0.0-alpha.3=detekt
dev.detekt:detekt-rules-exceptions:2.0.0-alpha.3=detekt
dev.detekt:detekt-rules-naming:2.0.0-alpha.3=detekt
dev.detekt:detekt-rules-performance:2.0.0-alpha.3=detekt
dev.detekt:detekt-rules-potential-bugs:2.0.0-alpha.3=detekt
dev.detekt:detekt-rules-style:2.0.0-alpha.3=detekt
dev.detekt:detekt-rules:2.0.0-alpha.3=detekt
dev.detekt:detekt-tooling:2.0.0-alpha.3=detekt
dev.detekt:detekt-utils:2.0.0-alpha.3=detekt
dev.drewhamilton.poko:poko-annotations-jvm:0.18.0=ktlint,ktlintBaselineReporter,ktlintRuleset
dev.drewhamilton.poko:poko-annotations-jvm:0.22.0=detekt
dev.drewhamilton.poko:poko-annotations:0.18.0=ktlint,ktlintBaselineReporter,ktlintRuleset
dev.drewhamilton.poko:poko-annotations:0.22.0=detekt
io.github.detekt.sarif4k:sarif4k-jvm:0.6.0=detekt,ktlint,ktlintReporter
io.github.detekt.sarif4k:sarif4k:0.6.0=detekt,ktlint,ktlintReporter
io.github.java-diff-utils:java-diff-utils:4.12=kotlinInternalAbiValidation
io.github.oshai:kotlin-logging-jvm:7.0.14=compileClasspath,runtimeClasspath,testCompileClasspath,testRuntimeClasspath
io.github.oshai:kotlin-logging-jvm:7.0.3=ktlint,ktlintBaselineReporter,ktlintReporter,ktlintRuleset
io.github.oshai:kotlin-logging:5.1.0=ktlint,ktlintBaselineReporter,ktlintReporter
io.micrometer:micrometer-commons:1.16.5=compileClasspath,runtimeClasspath,testCompileClasspath,testRuntimeClasspath
io.micrometer:micrometer-core:1.16.2=compileClasspath,runtimeClasspath,testCompileClasspath,testRuntimeClasspath
io.micrometer:micrometer-observation:1.16.5=compileClasspath,runtimeClasspath,testCompileClasspath,testRuntimeClasspath
io.mockk:mockk-agent-api-jvm:1.14.9=testCompileClasspath,testRuntimeClasspath
io.mockk:mockk-agent-api:1.14.9=testCompileClasspath,testRuntimeClasspath
io.mockk:mockk-agent-jvm:1.14.9=testCompileClasspath,testRuntimeClasspath
io.mockk:mockk-agent:1.14.9=testCompileClasspath,testRuntimeClasspath
io.mockk:mockk-core-jvm:1.14.9=testCompileClasspath,testRuntimeClasspath
io.mockk:mockk-core:1.14.9=testCompileClasspath,testRuntimeClasspath
io.mockk:mockk-dsl-jvm:1.14.9=testCompileClasspath,testRuntimeClasspath
io.mockk:mockk-dsl:1.14.9=testCompileClasspath,testRuntimeClasspath
io.mockk:mockk-jvm:1.14.9=testCompileClasspath,testRuntimeClasspath
io.mockk:mockk:1.14.9=testCompileClasspath,testRuntimeClasspath
io.opentelemetry.instrumentation:opentelemetry-instrumentation-api-incubator:2.24.0-alpha=compileClasspath,runtimeClasspath,testCompileClasspath,testRuntimeClasspath
io.opentelemetry.instrumentation:opentelemetry-instrumentation-api:2.24.0=compileClasspath,runtimeClasspath,testCompileClasspath,testRuntimeClasspath
io.opentelemetry.instrumentation:opentelemetry-logback-appender-1.0:2.24.0-alpha=compileClasspath,runtimeClasspath,testCompileClasspath,testRuntimeClasspath
io.opentelemetry.instrumentation:opentelemetry-micrometer-1.5:2.24.0-alpha=compileClasspath,runtimeClasspath,testCompileClasspath,testRuntimeClasspath
io.opentelemetry.semconv:opentelemetry-semconv:1.37.0=compileClasspath,runtimeClasspath,testCompileClasspath,testRuntimeClasspath
io.opentelemetry:opentelemetry-api-incubator:1.58.0-alpha=compileClasspath,runtimeClasspath,testCompileClasspath,testRuntimeClasspath
io.opentelemetry:opentelemetry-api:1.62.0=compileClasspath,runtimeClasspath,testCompileClasspath,testRuntimeClasspath
io.opentelemetry:opentelemetry-common:1.62.0=compileClasspath,runtimeClasspath,testCompileClasspath,testRuntimeClasspath
io.opentelemetry:opentelemetry-context:1.62.0=compileClasspath,runtimeClasspath,testCompileClasspath,testRuntimeClasspath
io.opentelemetry:opentelemetry-exporter-common:1.62.0=runtimeClasspath,testRuntimeClasspath
io.opentelemetry:opentelemetry-exporter-otlp-common:1.62.0=runtimeClasspath,testRuntimeClasspath
io.opentelemetry:opentelemetry-exporter-otlp:1.62.0=compileClasspath,runtimeClasspath,testCompileClasspath,testRuntimeClasspath
io.opentelemetry:opentelemetry-exporter-sender-okhttp:1.62.0=runtimeClasspath,testRuntimeClasspath
io.opentelemetry:opentelemetry-sdk-common:1.62.0=compileClasspath,runtimeClasspath,testCompileClasspath,testRuntimeClasspath
io.opentelemetry:opentelemetry-sdk-extension-autoconfigure-spi:1.62.0=runtimeClasspath,testRuntimeClasspath
io.opentelemetry:opentelemetry-sdk-logs:1.62.0=compileClasspath,runtimeClasspath,testCompileClasspath,testRuntimeClasspath
io.opentelemetry:opentelemetry-sdk-metrics:1.62.0=compileClasspath,runtimeClasspath,testCompileClasspath,testRuntimeClasspath
io.opentelemetry:opentelemetry-sdk-trace:1.62.0=compileClasspath,runtimeClasspath,testCompileClasspath,testRuntimeClasspath
io.opentelemetry:opentelemetry-sdk:1.62.0=compileClasspath,runtimeClasspath,testCompileClasspath,testRuntimeClasspath
jakarta.annotation:jakarta.annotation-api:3.0.0=compileClasspath,runtimeClasspath,testCompileClasspath,testRuntimeClasspath
net.bytebuddy:byte-buddy-agent:1.18.2=testCompileClasspath,testRuntimeClasspath
net.bytebuddy:byte-buddy:1.18.2=testCompileClasspath,testRuntimeClasspath
org.apache.logging.log4j:log4j-api:2.25.4=compileClasspath,runtimeClasspath,testCompileClasspath,testRuntimeClasspath
org.apache.logging.log4j:log4j-to-slf4j:2.25.4=compileClasspath,runtimeClasspath,testCompileClasspath,testRuntimeClasspath
org.apiguardian:apiguardian-api:1.1.2=testCompileClasspath
org.bouncycastle:bcpg-jdk18on:1.80=kotlinBouncyCastleConfiguration
org.bouncycastle:bcpkix-jdk18on:1.80=kotlinBouncyCastleConfiguration
org.bouncycastle:bcprov-jdk18on:1.80.2=kotlinBouncyCastleConfiguration
org.bouncycastle:bcutil-jdk18on:1.80.2=kotlinBouncyCastleConfiguration
org.ec4j.core:ec4j-core:1.1.0=ktlint,ktlintBaselineReporter,ktlintRuleset
org.hdrhistogram:HdrHistogram:2.2.2=runtimeClasspath,testRuntimeClasspath
org.jacoco:org.jacoco.agent:0.8.14=jacocoAgent,jacocoAnt
org.jacoco:org.jacoco.ant:0.8.14=jacocoAnt
org.jacoco:org.jacoco.core:0.8.14=jacocoAnt
org.jacoco:org.jacoco.report:0.8.14=jacocoAnt
org.jcommander:jcommander:1.85=detekt
org.jetbrains.intellij.deps:trove4j:1.0.20200330=ktlint,ktlintBaselineReporter,ktlintRuleset
org.jetbrains.kotlin:abi-tools-api:2.3.21=kotlinInternalAbiValidation
org.jetbrains.kotlin:abi-tools:2.3.21=kotlinInternalAbiValidation
org.jetbrains.kotlin:kotlin-allopen-compiler-plugin-embeddable:2.3.21=kotlinCompilerPluginClasspathMain,kotlinCompilerPluginClasspathTest
org.jetbrains.kotlin:kotlin-build-tools-api:2.3.21=kotlinBuildToolsApiClasspath,kotlinCompilerClasspath
org.jetbrains.kotlin:kotlin-build-tools-compat:2.3.21=kotlinBuildToolsApiClasspath,kotlinCompilerClasspath
org.jetbrains.kotlin:kotlin-build-tools-cri-impl:2.3.21=kotlinBuildToolsApiClasspath,kotlinCompilerClasspath
org.jetbrains.kotlin:kotlin-build-tools-impl:2.3.21=kotlinBuildToolsApiClasspath,kotlinCompilerClasspath
org.jetbrains.kotlin:kotlin-compiler-embeddable:2.1.0=ktlint,ktlintBaselineReporter,ktlintRuleset
org.jetbrains.kotlin:kotlin-compiler-embeddable:2.3.21=kotlinBuildToolsApiClasspath,kotlinCompilerClasspath,kotlinKlibCommonizerClasspath
org.jetbrains.kotlin:kotlin-compiler-runner:2.3.21=kotlinBuildToolsApiClasspath,kotlinCompilerClasspath
org.jetbrains.kotlin:kotlin-compiler:2.3.21=detekt
org.jetbrains.kotlin:kotlin-daemon-client:2.3.21=kotlinBuildToolsApiClasspath,kotlinCompilerClasspath
org.jetbrains.kotlin:kotlin-daemon-embeddable:2.1.0=ktlint,ktlintBaselineReporter,ktlintRuleset
org.jetbrains.kotlin:kotlin-daemon-embeddable:2.3.21=kotlinBuildToolsApiClasspath,kotlinCompilerClasspath,kotlinKlibCommonizerClasspath
org.jetbrains.kotlin:kotlin-klib-abi-reader:2.3.21=kotlinInternalAbiValidation
org.jetbrains.kotlin:kotlin-klib-commonizer-embeddable:2.3.21=kotlinKlibCommonizerClasspath
org.jetbrains.kotlin:kotlin-metadata-jvm:2.3.21=kotlinInternalAbiValidation
org.jetbrains.kotlin:kotlin-reflect:1.6.10=kotlinBuildToolsApiClasspath,kotlinCompilerClasspath,kotlinKlibCommonizerClasspath,ktlint,ktlintBaselineReporter,ktlintRuleset
org.jetbrains.kotlin:kotlin-reflect:2.2.21=testRuntimeClasspath
org.jetbrains.kotlin:kotlin-reflect:2.3.21=detekt
org.jetbrains.kotlin:kotlin-script-runtime:2.1.0=ktlint,ktlintBaselineReporter,ktlintRuleset
org.jetbrains.kotlin:kotlin-script-runtime:2.3.21=detekt,kotlinBuildToolsApiClasspath,kotlinCompilerClasspath,kotlinCompilerPluginClasspathMain,kotlinCompilerPluginClasspathTest,kotlinKlibCommonizerClasspath
org.jetbrains.kotlin:kotlin-scripting-common:2.3.21=kotlinCompilerPluginClasspathMain,kotlinCompilerPluginClasspathTest
org.jetbrains.kotlin:kotlin-scripting-compiler-embeddable:2.3.21=kotlinCompilerPluginClasspathMain,kotlinCompilerPluginClasspathTest
org.jetbrains.kotlin:kotlin-scripting-compiler-impl-embeddable:2.3.21=kotlinCompilerPluginClasspathMain,kotlinCompilerPluginClasspathTest
org.jetbrains.kotlin:kotlin-scripting-jvm:2.3.21=kotlinCompilerPluginClasspathMain,kotlinCompilerPluginClasspathTest
org.jetbrains.kotlin:kotlin-stdlib-common:2.1.0=ktlintReporter
org.jetbrains.kotlin:kotlin-stdlib-common:2.3.21=detekt
org.jetbrains.kotlin:kotlin-stdlib-jdk7:1.8.0=ktlintReporter
org.jetbrains.kotlin:kotlin-stdlib-jdk7:2.3.21=detekt
org.jetbrains.kotlin:kotlin-stdlib-jdk8:1.8.0=ktlintReporter
org.jetbrains.kotlin:kotlin-stdlib-jdk8:2.3.21=detekt
org.jetbrains.kotlin:kotlin-stdlib:2.1.0=ktlint,ktlintBaselineReporter,ktlintReporter,ktlintRuleset
org.jetbrains.kotlin:kotlin-stdlib:2.3.21=compileClasspath,detekt,kotlinBuildToolsApiClasspath,kotlinCompilerClasspath,kotlinCompilerPluginClasspathMain,kotlinCompilerPluginClasspathTest,kotlinInternalAbiValidation,kotlinKlibCommonizerClasspath,runtimeClasspath,testCompileClasspath,testRuntimeClasspath
org.jetbrains.kotlin:kotlin-tooling-core:2.3.21=kotlinBuildToolsApiClasspath,kotlinCompilerClasspath
org.jetbrains.kotlinx:kotlinx-coroutines-bom:1.10.2=testRuntimeClasspath
org.jetbrains.kotlinx:kotlinx-coroutines-bom:1.8.0=detekt
org.jetbrains.kotlinx:kotlinx-coroutines-core-jvm:1.10.2=testRuntimeClasspath
org.jetbrains.kotlinx:kotlinx-coroutines-core-jvm:1.6.4=ktlint,ktlintBaselineReporter,ktlintRuleset
org.jetbrains.kotlinx:kotlinx-coroutines-core-jvm:1.8.0=detekt,kotlinBuildToolsApiClasspath,kotlinCompilerClasspath,kotlinKlibCommonizerClasspath
org.jetbrains.kotlinx:kotlinx-coroutines-core:1.10.2=testRuntimeClasspath
org.jetbrains.kotlinx:kotlinx-html-jvm:0.12.0=detekt
org.jetbrains.kotlinx:kotlinx-serialization-core-jvm:1.4.1=detekt,ktlintReporter
org.jetbrains.kotlinx:kotlinx-serialization-core:1.4.1=detekt,ktlintReporter
org.jetbrains.kotlinx:kotlinx-serialization-json-jvm:1.4.1=detekt,ktlintReporter
org.jetbrains.kotlinx:kotlinx-serialization-json:1.4.1=detekt,ktlintReporter
org.jetbrains:annotations:13.0=compileClasspath,kotlinBuildToolsApiClasspath,kotlinCompilerClasspath,kotlinCompilerPluginClasspathMain,kotlinCompilerPluginClasspathTest,kotlinInternalAbiValidation,kotlinKlibCommonizerClasspath,ktlint,ktlintBaselineReporter,ktlintReporter,ktlintRuleset,runtimeClasspath,testCompileClasspath
org.jetbrains:annotations:23.0.0=detekt,testRuntimeClasspath
org.jspecify:jspecify:1.0.0=compileClasspath,runtimeClasspath,testCompileClasspath,testRuntimeClasspath
org.junit.jupiter:junit-jupiter-api:6.0.2=testCompileClasspath,testRuntimeClasspath
org.junit.jupiter:junit-jupiter-engine:6.0.2=testRuntimeClasspath
org.junit.jupiter:junit-jupiter-params:6.0.2=testCompileClasspath,testRuntimeClasspath
org.junit.jupiter:junit-jupiter:6.0.2=testCompileClasspath,testRuntimeClasspath
org.junit.platform:junit-platform-commons:6.0.2=testCompileClasspath,testRuntimeClasspath
org.junit.platform:junit-platform-engine:6.0.2=testRuntimeClasspath
org.junit.platform:junit-platform-launcher:6.0.2=testRuntimeClasspath
org.junit:junit-bom:6.0.2=testCompileClasspath,testRuntimeClasspath
org.latencyutils:LatencyUtils:2.0.3=runtimeClasspath,testRuntimeClasspath
org.objenesis:objenesis:3.4=testCompileClasspath,testRuntimeClasspath
org.opentest4j:opentest4j:1.3.0=testCompileClasspath,testRuntimeClasspath
org.osgi:org.osgi.annotation.bundle:2.0.0=compileClasspath,testCompileClasspath
org.osgi:org.osgi.annotation.versioning:1.1.2=compileClasspath,testCompileClasspath
org.osgi:org.osgi.resource:1.0.0=compileClasspath,testCompileClasspath
org.osgi:org.osgi.service.serviceloader:1.0.0=compileClasspath,testCompileClasspath
org.ow2.asm:asm-commons:9.9=jacocoAnt
org.ow2.asm:asm-tree:9.9=jacocoAnt
org.ow2.asm:asm:9.9=jacocoAnt
org.slf4j:jul-to-slf4j:2.0.17=compileClasspath,runtimeClasspath,testCompileClasspath,testRuntimeClasspath
org.slf4j:slf4j-api:2.0.17=compileClasspath,runtimeClasspath,testCompileClasspath,testRuntimeClasspath
org.slf4j:slf4j-api:2.0.7=ktlint
org.snakeyaml:snakeyaml-engine:2.10=detekt
org.springframework.boot:spring-boot-autoconfigure:4.0.6=compileClasspath,runtimeClasspath,testCompileClasspath,testRuntimeClasspath
org.springframework.boot:spring-boot-starter-logging:4.0.6=compileClasspath,runtimeClasspath,testCompileClasspath,testRuntimeClasspath
org.springframework.boot:spring-boot-starter:4.0.6=compileClasspath,runtimeClasspath,testCompileClasspath,testRuntimeClasspath
org.springframework.boot:spring-boot:4.0.6=compileClasspath,runtimeClasspath,testCompileClasspath,testRuntimeClasspath
org.springframework:spring-aop:7.0.7=compileClasspath,runtimeClasspath,testCompileClasspath,testRuntimeClasspath
org.springframework:spring-beans:7.0.7=compileClasspath,runtimeClasspath,testCompileClasspath,testRuntimeClasspath
org.springframework:spring-context:7.0.7=compileClasspath,runtimeClasspath,testCompileClasspath,testRuntimeClasspath
org.springframework:spring-core:7.0.7=compileClasspath,runtimeClasspath,testCompileClasspath,testRuntimeClasspath
org.springframework:spring-expression:7.0.7=compileClasspath,runtimeClasspath,testCompileClasspath,testRuntimeClasspath
org.yaml:snakeyaml:2.5=compileClasspath,runtimeClasspath,testCompileClasspath,testRuntimeClasspath
empty=annotationProcessor,detektPlugins,implementationDependenciesMetadata,kotlinCompilerPluginClasspath,kotlinNativeCompilerPluginClasspath,kotlinScriptDefExtensions,testAnnotationProcessor,testImplementationDependenciesMetadata,testKotlinScriptDefExtensions
