# This is a Gradle generated file for dependency locking.
# Manual edits can break the build and are not advised.
# This file is expected to be part of source control.
com.fasterxml.jackson.core:jackson-annotations:2.21=buildScriptClasspath,precompiledScriptPluginAccessorsGenerationClasspath
com.fasterxml.jackson.core:jackson-core:2.15.3=buildScriptClasspath,precompiledScriptPluginAccessorsGenerationClasspath
com.fasterxml.jackson.core:jackson-databind:2.15.3=buildScriptClasspath,precompiledScriptPluginAccessorsGenerationClasspath
com.fasterxml.jackson.dataformat:jackson-dataformat-yaml:2.15.3=buildScriptClasspath,precompiledScriptPluginAccessorsGenerationClasspath
com.fasterxml.jackson.datatype:jackson-datatype-guava:2.15.3=buildScriptClasspath,precompiledScriptPluginAccessorsGenerationClasspath
com.fasterxml.jackson.datatype:jackson-datatype-joda:2.15.3=buildScriptClasspath,precompiledScriptPluginAccessorsGenerationClasspath
com.fasterxml.jackson.datatype:jackson-datatype-jsr310:2.15.3=buildScriptClasspath,precompiledScriptPluginAccessorsGenerationClasspath
com.fasterxml.jackson:jackson-bom:2.15.3=buildScriptClasspath,precompiledScriptPluginAccessorsGenerationClasspath
com.github.ben-manes.caffeine:caffeine:2.9.3=buildScriptClasspath,precompiledScriptPluginAccessorsGenerationClasspath
com.github.curious-odd-man:rgxgen:1.4=buildScriptClasspath,precompiledScriptPluginAccessorsGenerationClasspath
com.github.java-json-tools:btf:1.3=buildScriptClasspath,precompiledScriptPluginAccessorsGenerationClasspath
com.github.java-json-tools:jackson-coreutils-equivalence:1.0=buildScriptClasspath,precompiledScriptPluginAccessorsGenerationClasspath
com.github.java-json-tools:jackson-coreutils:2.0=buildScriptClasspath,precompiledScriptPluginAccessorsGenerationClasspath
com.github.java-json-tools:json-patch:1.13=buildScriptClasspath,precompiledScriptPluginAccessorsGenerationClasspath
com.github.java-json-tools:json-schema-core:1.2.14=buildScriptClasspath,precompiledScriptPluginAccessorsGenerationClasspath
com.github.java-json-tools:json-schema-validator:2.2.14=buildScriptClasspath,precompiledScriptPluginAccessorsGenerationClasspath
com.github.java-json-tools:msg-simple:1.2=buildScriptClasspath,precompiledScriptPluginAccessorsGenerationClasspath
com.github.java-json-tools:uri-template:0.10=buildScriptClasspath,precompiledScriptPluginAccessorsGenerationClasspath
com.github.jknack:handlebars-jackson2:4.3.1=buildScriptClasspath,precompiledScriptPluginAccessorsGenerationClasspath
com.github.jknack:handlebars:4.3.1=buildScriptClasspath,precompiledScriptPluginAccessorsGenerationClasspath
com.github.joschi.jackson:jackson-datatype-threetenbp:2.15.2=buildScriptClasspath,precompiledScriptPluginAccessorsGenerationClasspath
com.github.mifmif:generex:1.0.2=buildScriptClasspath,precompiledScriptPluginAccessorsGenerationClasspath
com.google.code.findbugs:jsr305:3.0.2=buildScriptClasspath,precompiledScriptPluginAccessorsGenerationClasspath
com.google.code.gson:gson:2.11.0=buildScriptClasspath,precompiledScriptPluginAccessorsGenerationClasspath
com.google.errorprone:error_prone_annotations:2.27.0=buildScriptClasspath,precompiledScriptPluginAccessorsGenerationClasspath
com.google.guava:failureaccess:1.0.1=buildScriptClasspath,precompiledScriptPluginAccessorsGenerationClasspath
com.google.guava:guava:32.1.3-jre=buildScriptClasspath,precompiledScriptPluginAccessorsGenerationClasspath
com.google.guava:listenablefuture:9999.0-empty-to-avoid-conflict-with-guava=buildScriptClasspath,precompiledScriptPluginAccessorsGenerationClasspath
com.googlecode.libphonenumber:libphonenumber:8.11.1=buildScriptClasspath,precompiledScriptPluginAccessorsGenerationClasspath
com.samskivert:jmustache:1.15=buildScriptClasspath,precompiledScriptPluginAccessorsGenerationClasspath
commons-cli:commons-cli:1.5.0=buildScriptClasspath,precompiledScriptPluginAccessorsGenerationClasspath
commons-codec:commons-codec:1.17.1=buildScriptClasspath,precompiledScriptPluginAccessorsGenerationClasspath
commons-io:commons-io:2.16.1=buildScriptClasspath,precompiledScriptPluginAccessorsGenerationClasspath
commons-logging:commons-logging:1.3.5=buildScriptClasspath,precompiledScriptPluginAccessorsGenerationClasspath
dev.detekt:detekt-gradle-plugin:2.0.0-alpha.3=buildScriptClasspath,compileClasspath,precompiledScriptPluginAccessorsGenerationClasspath
dk.brics.automaton:automaton:1.11-8=buildScriptClasspath,precompiledScriptPluginAccessorsGenerationClasspath
io.github.detekt.sarif4k:sarif4k-jvm:0.6.0=buildScriptClasspath,precompiledScriptPluginAccessorsGenerationClasspath
io.github.detekt.sarif4k:sarif4k:0.6.0=buildScriptClasspath,precompiledScriptPluginAccessorsGenerationClasspath
io.spring.gradle:dependency-management-plugin:1.1.7=buildScriptClasspath,precompiledScriptPluginAccessorsGenerationClasspath
io.swagger.core.v3.swagger-gradle-plugin:io.swagger.core.v3.swagger-gradle-plugin.gradle.plugin:2.2.20=buildScriptClasspath,compileClasspath,precompiledScriptPluginAccessorsGenerationClasspath
io.swagger.core.v3:swagger-annotations:2.2.19=buildScriptClasspath,precompiledScriptPluginAccessorsGenerationClasspath
io.swagger.core.v3:swagger-core:2.2.19=buildScriptClasspath,precompiledScriptPluginAccessorsGenerationClasspath
io.swagger.core.v3:swagger-gradle-plugin:2.2.20=buildScriptClasspath,compileClasspath,precompiledScriptPluginAccessorsGenerationClasspath
io.swagger.core.v3:swagger-models:2.2.19=buildScriptClasspath,precompiledScriptPluginAccessorsGenerationClasspath
io.swagger.parser.v3:swagger-parser-core:2.1.19=buildScriptClasspath,precompiledScriptPluginAccessorsGenerationClasspath
io.swagger.parser.v3:swagger-parser-safe-url-resolver:2.1.19=buildScriptClasspath,precompiledScriptPluginAccessorsGenerationClasspath
io.swagger.parser.v3:swagger-parser-v2-converter:2.1.19=buildScriptClasspath,precompiledScriptPluginAccessorsGenerationClasspath
io.swagger.parser.v3:swagger-parser-v3:2.1.19=buildScriptClasspath,precompiledScriptPluginAccessorsGenerationClasspath
io.swagger.parser.v3:swagger-parser:2.1.19=buildScriptClasspath,precompiledScriptPluginAccessorsGenerationClasspath
io.swagger:swagger-annotations:1.6.12=buildScriptClasspath,precompiledScriptPluginAccessorsGenerationClasspath
io.swagger:swagger-compat-spec-parser:1.0.68=buildScriptClasspath,precompiledScriptPluginAccessorsGenerationClasspath
io.swagger:swagger-core:1.6.12=buildScriptClasspath,precompiledScriptPluginAccessorsGenerationClasspath
io.swagger:swagger-models:1.6.12=buildScriptClasspath,precompiledScriptPluginAccessorsGenerationClasspath
io.swagger:swagger-parser:1.0.68=buildScriptClasspath,precompiledScriptPluginAccessorsGenerationClasspath
jakarta.activation:jakarta.activation-api:1.2.2=buildScriptClasspath,precompiledScriptPluginAccessorsGenerationClasspath
jakarta.validation:jakarta.validation-api:2.0.2=buildScriptClasspath,precompiledScriptPluginAccessorsGenerationClasspath
jakarta.xml.bind:jakarta.xml.bind-api:2.3.3=buildScriptClasspath,precompiledScriptPluginAccessorsGenerationClasspath
javax.validation:validation-api:1.1.0.Final=buildScriptClasspath,precompiledScriptPluginAccessorsGenerationClasspath
joda-time:joda-time:2.10.14=buildScriptClasspath,precompiledScriptPluginAccessorsGenerationClasspath
net.java.dev.jna:jna-platform:5.17.0=buildScriptClasspath,precompiledScriptPluginAccessorsGenerationClasspath
net.java.dev.jna:jna:5.17.0=buildScriptClasspath,precompiledScriptPluginAccessorsGenerationClasspath
net.sf.jopt-simple:jopt-simple:5.0.4=buildScriptClasspath,precompiledScriptPluginAccessorsGenerationClasspath
org.antlr:antlr4-runtime:4.7.2=buildScriptClasspath,precompiledScriptPluginAccessorsGenerationClasspath
org.apache.commons:commons-compress:1.27.1=buildScriptClasspath,precompiledScriptPluginAccessorsGenerationClasspath
org.apache.commons:commons-lang3:3.16.0=buildScriptClasspath,precompiledScriptPluginAccessorsGenerationClasspath
org.apache.commons:commons-text:1.10.0=buildScriptClasspath,precompiledScriptPluginAccessorsGenerationClasspath
org.apache.httpcomponents.client5:httpclient5:5.5.2=buildScriptClasspath,precompiledScriptPluginAccessorsGenerationClasspath
org.apache.httpcomponents.core5:httpcore5-h2:5.3.6=buildScriptClasspath,precompiledScriptPluginAccessorsGenerationClasspath
org.apache.httpcomponents.core5:httpcore5:5.3.6=buildScriptClasspath,precompiledScriptPluginAccessorsGenerationClasspath
org.apache.httpcomponents:httpclient:4.5.14=buildScriptClasspath,precompiledScriptPluginAccessorsGenerationClasspath
org.apache.httpcomponents:httpcore:4.4.16=buildScriptClasspath,precompiledScriptPluginAccessorsGenerationClasspath
org.checkerframework:checker-qual:3.37.0=buildScriptClasspath,precompiledScriptPluginAccessorsGenerationClasspath
org.commonmark:commonmark:0.21.0=buildScriptClasspath,precompiledScriptPluginAccessorsGenerationClasspath
org.jetbrains.kotlin.jvm:org.jetbrains.kotlin.jvm.gradle.plugin:2.3.21=buildScriptClasspath,compileClasspath,precompiledScriptPluginAccessorsGenerationClasspath
org.jetbrains.kotlin.plugin.spring:org.jetbrains.kotlin.plugin.spring.gradle.plugin:2.3.21=buildScriptClasspath,compileClasspath,precompiledScriptPluginAccessorsGenerationClasspath
org.jetbrains.kotlin:abi-tools-api:2.3.21=buildScriptClasspath,precompiledScriptPluginAccessorsGenerationClasspath
org.jetbrains.kotlin:fus-statistics-gradle-plugin:2.3.21=buildScriptClasspath,compileClasspath,precompiledScriptPluginAccessorsGenerationClasspath
org.jetbrains.kotlin:kotlin-allopen:2.3.21=buildScriptClasspath,compileClasspath,precompiledScriptPluginAccessorsGenerationClasspath
org.jetbrains.kotlin:kotlin-assignment-compiler-plugin-embeddable:2.2.21=kotlinCompilerPluginClasspathMain
org.jetbrains.kotlin:kotlin-build-statistics:2.3.21=buildScriptClasspath,precompiledScriptPluginAccessorsGenerationClasspath
org.jetbrains.kotlin:kotlin-build-tools-api:2.2.21=kotlinBuildToolsApiClasspath
org.jetbrains.kotlin:kotlin-build-tools-api:2.3.21=buildScriptClasspath,compileClasspath,precompiledScriptPluginAccessorsGenerationClasspath
org.jetbrains.kotlin:kotlin-build-tools-impl:2.2.21=kotlinBuildToolsApiClasspath
org.jetbrains.kotlin:kotlin-compiler-embeddable:2.2.21=kotlinBuildToolsApiClasspath,kotlinCompilerClasspath
org.jetbrains.kotlin:kotlin-compiler-runner:2.2.21=kotlinBuildToolsApiClasspath
org.jetbrains.kotlin:kotlin-compiler-runner:2.3.21=buildScriptClasspath,precompiledScriptPluginAccessorsGenerationClasspath
org.jetbrains.kotlin:kotlin-daemon-client:2.2.21=kotlinBuildToolsApiClasspath
org.jetbrains.kotlin:kotlin-daemon-client:2.3.21=buildScriptClasspath,precompiledScriptPluginAccessorsGenerationClasspath
org.jetbrains.kotlin:kotlin-daemon-embeddable:2.2.21=kotlinBuildToolsApiClasspath,kotlinCompilerClasspath
org.jetbrains.kotlin:kotlin-gradle-plugin-annotations:2.3.21=buildScriptClasspath,compileClasspath,precompiledScriptPluginAccessorsGenerationClasspath
org.jetbrains.kotlin:kotlin-gradle-plugin-api:2.3.21=buildScriptClasspath,compileClasspath,precompiledScriptPluginAccessorsGenerationClasspath
org.jetbrains.kotlin:kotlin-gradle-plugin-idea-proto:2.3.21=buildScriptClasspath,precompiledScriptPluginAccessorsGenerationClasspath
org.jetbrains.kotlin:kotlin-gradle-plugin-idea:2.3.21=buildScriptClasspath,precompiledScriptPluginAccessorsGenerationClasspath
org.jetbrains.kotlin:kotlin-gradle-plugin:2.3.21=buildScriptClasspath,compileClasspath,precompiledScriptPluginAccessorsGenerationClasspath
org.jetbrains.kotlin:kotlin-gradle-plugins-bom:2.3.21=buildScriptClasspath,compileClasspath,precompiledScriptPluginAccessorsGenerationClasspath
org.jetbrains.kotlin:kotlin-klib-commonizer-api:2.3.21=buildScriptClasspath,precompiledScriptPluginAccessorsGenerationClasspath
org.jetbrains.kotlin:kotlin-native-utils:2.3.21=buildScriptClasspath,compileClasspath,precompiledScriptPluginAccessorsGenerationClasspath
org.jetbrains.kotlin:kotlin-reflect:1.6.10=kotlinBuildToolsApiClasspath,kotlinCompilerClasspath
org.jetbrains.kotlin:kotlin-reflect:2.2.21=compileClasspath,precompiledScriptPluginAccessorsGenerationClasspath
org.jetbrains.kotlin:kotlin-sam-with-receiver-compiler-plugin-embeddable:2.2.21=kotlinCompilerPluginClasspathMain
org.jetbrains.kotlin:kotlin-script-runtime:2.2.21=compilePluginsBlocksPluginClasspathElements,kotlinBuildToolsApiClasspath,kotlinCompilerClasspath,kotlinCompilerPluginClasspathMain
org.jetbrains.kotlin:kotlin-scripting-common:2.2.21=compilePluginsBlocksPluginClasspathElements,kotlinBuildToolsApiClasspath,kotlinCompilerPluginClasspathMain
org.jetbrains.kotlin:kotlin-scripting-compiler-embeddable:2.2.21=compilePluginsBlocksPluginClasspathElements,kotlinBuildToolsApiClasspath,kotlinCompilerPluginClasspathMain
org.jetbrains.kotlin:kotlin-scripting-compiler-impl-embeddable:2.2.21=compilePluginsBlocksPluginClasspathElements,kotlinBuildToolsApiClasspath,kotlinCompilerPluginClasspathMain
org.jetbrains.kotlin:kotlin-scripting-jvm:2.2.21=compilePluginsBlocksPluginClasspathElements,kotlinBuildToolsApiClasspath,kotlinCompilerPluginClasspathMain
org.jetbrains.kotlin:kotlin-stdlib-common:1.9.23=buildScriptClasspath
org.jetbrains.kotlin:kotlin-stdlib-common:2.2.21=precompiledScriptPluginAccessorsGenerationClasspath
org.jetbrains.kotlin:kotlin-stdlib-jdk7:1.8.0=buildScriptClasspath,precompiledScriptPluginAccessorsGenerationClasspath
org.jetbrains.kotlin:kotlin-stdlib-jdk8:1.8.0=buildScriptClasspath,precompiledScriptPluginAccessorsGenerationClasspath
org.jetbrains.kotlin:kotlin-stdlib:1.9.23=buildScriptClasspath
org.jetbrains.kotlin:kotlin-stdlib:2.2.21=compileClasspath,compilePluginsBlocksPluginClasspathElements,kotlinBuildToolsApiClasspath,kotlinCompilerClasspath,kotlinCompilerPluginClasspathMain,precompiledScriptPluginAccessorsGenerationClasspath
org.jetbrains.kotlin:kotlin-tooling-core:2.3.21=buildScriptClasspath,compileClasspath,precompiledScriptPluginAccessorsGenerationClasspath
org.jetbrains.kotlin:kotlin-util-io:2.3.21=buildScriptClasspath,compileClasspath,precompiledScriptPluginAccessorsGenerationClasspath
org.jetbrains.kotlin:kotlin-util-klib-metadata:2.3.21=buildScriptClasspath,precompiledScriptPluginAccessorsGenerationClasspath
org.jetbrains.kotlin:kotlin-util-klib:2.3.21=buildScriptClasspath,precompiledScriptPluginAccessorsGenerationClasspath
org.jetbrains.kotlinx:kotlinx-coroutines-core-jvm:1.8.0=buildScriptClasspath,kotlinBuildToolsApiClasspath,kotlinCompilerClasspath,precompiledScriptPluginAccessorsGenerationClasspath
org.jetbrains.kotlinx:kotlinx-serialization-core-jvm:1.4.1=buildScriptClasspath,precompiledScriptPluginAccessorsGenerationClasspath
org.jetbrains.kotlinx:kotlinx-serialization-core:1.4.1=buildScriptClasspath,precompiledScriptPluginAccessorsGenerationClasspath
org.jetbrains.kotlinx:kotlinx-serialization-json-jvm:1.4.1=buildScriptClasspath,precompiledScriptPluginAccessorsGenerationClasspath
org.jetbrains.kotlinx:kotlinx-serialization-json:1.4.1=buildScriptClasspath,precompiledScriptPluginAccessorsGenerationClasspath
org.jetbrains:annotations:13.0=buildScriptClasspath,compileClasspath,compilePluginsBlocksPluginClasspathElements,kotlinBuildToolsApiClasspath,kotlinCompilerClasspath,kotlinCompilerPluginClasspathMain,precompiledScriptPluginAccessorsGenerationClasspath
org.jlleitschuh.gradle.ktlint:org.jlleitschuh.gradle.ktlint.gradle.plugin:14.0.1=buildScriptClasspath,compileClasspath,precompiledScriptPluginAccessorsGenerationClasspath
org.jlleitschuh.gradle:ktlint-gradle:14.0.1=buildScriptClasspath,compileClasspath,precompiledScriptPluginAccessorsGenerationClasspath
org.jspecify:jspecify:1.0.0=buildScriptClasspath,precompiledScriptPluginAccessorsGenerationClasspath
org.mozilla:rhino:1.7.7.2=buildScriptClasspath,precompiledScriptPluginAccessorsGenerationClasspath
org.openapi.generator:org.openapi.generator.gradle.plugin:7.2.0=buildScriptClasspath,compileClasspath,precompiledScriptPluginAccessorsGenerationClasspath
org.openapitools:openapi-generator-core:7.2.0=buildScriptClasspath,precompiledScriptPluginAccessorsGenerationClasspath
org.openapitools:openapi-generator-gradle-plugin:7.2.0=buildScriptClasspath,compileClasspath,precompiledScriptPluginAccessorsGenerationClasspath
org.openapitools:openapi-generator:7.2.0=buildScriptClasspath,precompiledScriptPluginAccessorsGenerationClasspath
org.slf4j:slf4j-api:2.0.9=buildScriptClasspath,precompiledScriptPluginAccessorsGenerationClasspath
org.slf4j:slf4j-ext:1.7.36=buildScriptClasspath,precompiledScriptPluginAccessorsGenerationClasspath
org.slf4j:slf4j-simple:1.7.36=buildScriptClasspath,precompiledScriptPluginAccessorsGenerationClasspath
org.springframework.boot:org.springframework.boot.gradle.plugin:4.0.6=buildScriptClasspath,compileClasspath,precompiledScriptPluginAccessorsGenerationClasspath
org.springframework.boot:spring-boot-buildpack-platform:4.0.6=buildScriptClasspath,precompiledScriptPluginAccessorsGenerationClasspath
org.springframework.boot:spring-boot-gradle-plugin:4.0.6=buildScriptClasspath,compileClasspath,precompiledScriptPluginAccessorsGenerationClasspath
org.springframework.boot:spring-boot-loader-tools:4.0.6=buildScriptClasspath,precompiledScriptPluginAccessorsGenerationClasspath
org.springframework:spring-core:7.0.7=buildScriptClasspath,precompiledScriptPluginAccessorsGenerationClasspath
org.threeten:threetenbp:1.6.8=buildScriptClasspath,precompiledScriptPluginAccessorsGenerationClasspath
org.tomlj:tomlj:1.0.0=buildScriptClasspath,precompiledScriptPluginAccessorsGenerationClasspath
org.yaml:snakeyaml:2.2=buildScriptClasspath,precompiledScriptPluginAccessorsGenerationClasspath
tools.jackson.core:jackson-core:3.1.2=buildScriptClasspath,precompiledScriptPluginAccessorsGenerationClasspath
tools.jackson.core:jackson-databind:3.1.2=buildScriptClasspath,precompiledScriptPluginAccessorsGenerationClasspath
tools.jackson:jackson-bom:3.1.2=buildScriptClasspath,precompiledScriptPluginAccessorsGenerationClasspath
empty=kotlinScriptDefExtensions
